
Microsoft Visual Studio Solution File, Format Version 12.00
# Visual Studio 15
VisualStudioVersion = 15.0.28010.2026
MinimumVisualStudioVersion = 10.0.40219.1
Project("{FAE04EC0-301F-11D3-BF4B-00C04F79EFBC}") = "Program1", "Program1\Program1.csproj", "{67CB234E-84E7-468E-853E-3992D2A6F929}"
EndProject
Project("{FAE04EC0-301F-11D3-BF4B-00C04F79EFBC}") = "Program2", "Program2\Program2.csproj", "{AB38E048-64F9-4084-8D35-4EA559477506}"
EndProject
Global
	GlobalSection(SolutionConfigurationPlatforms) = preSolution
		Debug|Any CPU = Debug|Any CPU
		Release|Any CPU = Release|Any CPU
	EndGlobalSection
	GlobalSection(ProjectConfigurationPlatforms) = postSolution
		{67CB234E-84E7-468E-853E-3992D2A6F929}.Debug|Any CPU.ActiveCfg = Debug|Any CPU
		{67CB234E-84E7-468E-853E-3992D2A6F929}.Debug|Any CPU.Build.0 = Debug|Any CPU
		{67CB234E-84E7-468E-853E-3992D2A6F929}.Release|Any CPU.ActiveCfg = Release|Any CPU
		{67CB234E-84E7-468E-853E-3992D2A6F929}.Release|Any CPU.Build.0 = Release|Any CPU
		{AB38E048-64F9-4084-8D35-4EA559477506}.Debug|Any CPU.ActiveCfg = Debug|Any CPU
		{AB38E048-64F9-4084-8D35-4EA559477506}.Debug|Any CPU.Build.0 = Debug|Any CPU
		{AB38E048-64F9-4084-8D35-4EA559477506}.Release|Any CPU.ActiveCfg = Release|Any CPU
		{AB38E048-64F9-4084-8D35-4EA559477506}.Release|Any CPU.Build.0 = Release|Any CPU
	EndGlobalSection
	GlobalSection(SolutionProperties) = preSolution
		HideSolutionNode = FALSE
	EndGlobalSection
	GlobalSection(ExtensibilityGlobals) = postSolution
		SolutionGuid = {2A94F61B-9F65-4551-B9B3-F36FF422E4F9}
	EndGlobalSection
EndGlobal
