
Microsoft Visual Studio Solution File, Format Version 12.00
# Visual Studio 15
VisualStudioVersion = 15.0.28010.2019
MinimumVisualStudioVersion = 10.0.40219.1
Project("{FAE04EC0-301F-11D3-BF4B-00C04F79EFBC}") = "Program1", "Program1\Program1.csproj", "{2F9C5219-297E-4E7A-B85E-5B117580BD72}"
EndProject
Project("{FAE04EC0-301F-11D3-BF4B-00C04F79EFBC}") = "Program2", "Program2\Program2.csproj", "{442BD247-3B1E-40AF-8567-598216F5C378}"
EndProject
Global
	GlobalSection(SolutionConfigurationPlatforms) = preSolution
		Debug|Any CPU = Debug|Any CPU
		Release|Any CPU = Release|Any CPU
	EndGlobalSection
	GlobalSection(ProjectConfigurationPlatforms) = postSolution
		{2F9C5219-297E-4E7A-B85E-5B117580BD72}.Debug|Any CPU.ActiveCfg = Debug|Any CPU
		{2F9C5219-297E-4E7A-B85E-5B117580BD72}.Debug|Any CPU.Build.0 = Debug|Any CPU
		{2F9C5219-297E-4E7A-B85E-5B117580BD72}.Release|Any CPU.ActiveCfg = Release|Any CPU
		{2F9C5219-297E-4E7A-B85E-5B117580BD72}.Release|Any CPU.Build.0 = Release|Any CPU
		{442BD247-3B1E-40AF-8567-598216F5C378}.Debug|Any CPU.ActiveCfg = Debug|Any CPU
		{442BD247-3B1E-40AF-8567-598216F5C378}.Debug|Any CPU.Build.0 = Debug|Any CPU
		{442BD247-3B1E-40AF-8567-598216F5C378}.Release|Any CPU.ActiveCfg = Release|Any CPU
		{442BD247-3B1E-40AF-8567-598216F5C378}.Release|Any CPU.Build.0 = Release|Any CPU
	EndGlobalSection
	GlobalSection(SolutionProperties) = preSolution
		HideSolutionNode = FALSE
	EndGlobalSection
	GlobalSection(ExtensibilityGlobals) = postSolution
		SolutionGuid = {6EE5B698-AC14-41A5-BE9E-8013B8E5AA44}
	EndGlobalSection
EndGlobal
